
Microsoft Visual Studio Solution File, Format Version 12.00
# Visual Studio 15
VisualStudioVersion = 15.0.26730.12
MinimumVisualStudioVersion = 10.0.40219.1
Project("{FAE04EC0-301F-11D3-BF4B-00C04F79EFBC}") = "CurrencyProject", "CurrencyProject\CurrencyProject.csproj", "{1BC1AB16-1478-4938-A716-FC5FF2D33521}"
EndProject
Project("{FAE04EC0-301F-11D3-BF4B-00C04F79EFBC}") = "UnitTestsCurrency", "UnitTestsCurrency\UnitTestsCurrency.csproj", "{D6D04D4A-4336-4F2A-9BBB-99F6FA71D295}"
EndProject
Global
	GlobalSection(SolutionConfigurationPlatforms) = preSolution
		Debug|Any CPU = Debug|Any CPU
		Release|Any CPU = Release|Any CPU
	EndGlobalSection
	GlobalSection(ProjectConfigurationPlatforms) = postSolution
		{1BC1AB16-1478-4938-A716-FC5FF2D33521}.Debug|Any CPU.ActiveCfg = Debug|Any CPU
		{1BC1AB16-1478-4938-A716-FC5FF2D33521}.Debug|Any CPU.Build.0 = Debug|Any CPU
		{1BC1AB16-1478-4938-A716-FC5FF2D33521}.Release|Any CPU.ActiveCfg = Release|Any CPU
		{1BC1AB16-1478-4938-A716-FC5FF2D33521}.Release|Any CPU.Build.0 = Release|Any CPU
		{D6D04D4A-4336-4F2A-9BBB-99F6FA71D295}.Debug|Any CPU.ActiveCfg = Debug|Any CPU
		{D6D04D4A-4336-4F2A-9BBB-99F6FA71D295}.Debug|Any CPU.Build.0 = Debug|Any CPU
		{D6D04D4A-4336-4F2A-9BBB-99F6FA71D295}.Release|Any CPU.ActiveCfg = Release|Any CPU
		{D6D04D4A-4336-4F2A-9BBB-99F6FA71D295}.Release|Any CPU.Build.0 = Release|Any CPU
	EndGlobalSection
	GlobalSection(SolutionProperties) = preSolution
		HideSolutionNode = FALSE
	EndGlobalSection
	GlobalSection(ExtensibilityGlobals) = postSolution
		SolutionGuid = {30EA4B9D-99BE-4012-B622-2529455CC945}
	EndGlobalSection
EndGlobal
